
Microsoft Visual Studio Solution File, Format Version 12.00
# Visual Studio 2013
VisualStudioVersion = 12.0.40629.0
MinimumVisualStudioVersion = 10.0.40219.1
Project("{FAE04EC0-301F-11D3-BF4B-00C04F79EFBC}") = "Carpool.Droid", "Carpool\Carpool.Droid\Carpool.Droid.csproj", "{291D547A-A741-430C-88DB-9F13C349E5E4}"
EndProject
Project("{FAE04EC0-301F-11D3-BF4B-00C04F79EFBC}") = "Carpool.iOS", "Carpool\Carpool.iOS\Carpool.iOS.csproj", "{61379538-3326-4777-A7E0-5386E8392E6B}"
EndProject
Project("{FAE04EC0-301F-11D3-BF4B-00C04F79EFBC}") = "Carpool.WinPhone", "Carpool\Carpool.WinPhone\Carpool.WinPhone.csproj", "{93E1A018-5528-4FC1-992C-5AF71AE8FB87}"
EndProject
Project("{FAE04EC0-301F-11D3-BF4B-00C04F79EFBC}") = "Carpool.Windows", "Carpool\Carpool.Windows\Carpool.Windows.csproj", "{FC68A3DF-547B-4115-82F3-0945F1E99246}"
EndProject
Project("{D954291E-2A0B-460D-934E-DC6B0785DB48}") = "Carpool", "Carpool\Carpool\Carpool.shproj", "{30578316-534A-4EF7-9C0F-C52B0D57E217}"
EndProject
Global
	GlobalSection(SharedMSBuildProjectFiles) = preSolution
		Carpool\Carpool\Carpool.projitems*{93e1a018-5528-4fc1-992c-5af71ae8fb87}*SharedItemsImports = 4
		Carpool\Carpool\Carpool.projitems*{fc68a3df-547b-4115-82f3-0945f1e99246}*SharedItemsImports = 4
		Carpool\Carpool\Carpool.projitems*{30578316-534a-4ef7-9c0f-c52b0d57e217}*SharedItemsImports = 13
		Carpool\Carpool\Carpool.projitems*{61379538-3326-4777-a7e0-5386e8392e6b}*SharedItemsImports = 4
		Carpool\Carpool\Carpool.projitems*{291d547a-a741-430c-88db-9f13c349e5e4}*SharedItemsImports = 4
	EndGlobalSection
	GlobalSection(SolutionConfigurationPlatforms) = preSolution
		Ad-Hoc|Any CPU = Ad-Hoc|Any CPU
		Ad-Hoc|ARM = Ad-Hoc|ARM
		Ad-Hoc|iPhone = Ad-Hoc|iPhone
		Ad-Hoc|iPhoneSimulator = Ad-Hoc|iPhoneSimulator
		Ad-Hoc|Mixed Platforms = Ad-Hoc|Mixed Platforms
		Ad-Hoc|x64 = Ad-Hoc|x64
		Ad-Hoc|x86 = Ad-Hoc|x86
		AppStore|Any CPU = AppStore|Any CPU
		AppStore|ARM = AppStore|ARM
		AppStore|iPhone = AppStore|iPhone
		AppStore|iPhoneSimulator = AppStore|iPhoneSimulator
		AppStore|Mixed Platforms = AppStore|Mixed Platforms
		AppStore|x64 = AppStore|x64
		AppStore|x86 = AppStore|x86
		Debug|Any CPU = Debug|Any CPU
		Debug|ARM = Debug|ARM
		Debug|iPhone = Debug|iPhone
		Debug|iPhoneSimulator = Debug|iPhoneSimulator
		Debug|Mixed Platforms = Debug|Mixed Platforms
		Debug|x64 = Debug|x64
		Debug|x86 = Debug|x86
		Release|Any CPU = Release|Any CPU
		Release|ARM = Release|ARM
		Release|iPhone = Release|iPhone
		Release|iPhoneSimulator = Release|iPhoneSimulator
		Release|Mixed Platforms = Release|Mixed Platforms
		Release|x64 = Release|x64
		Release|x86 = Release|x86
	EndGlobalSection
	GlobalSection(ProjectConfigurationPlatforms) = postSolution
		{291D547A-A741-430C-88DB-9F13C349E5E4}.Ad-Hoc|Any CPU.ActiveCfg = Release|Any CPU
		{291D547A-A741-430C-88DB-9F13C349E5E4}.Ad-Hoc|Any CPU.Build.0 = Release|Any CPU
		{291D547A-A741-430C-88DB-9F13C349E5E4}.Ad-Hoc|Any CPU.Deploy.0 = Release|Any CPU
		{291D547A-A741-430C-88DB-9F13C349E5E4}.Ad-Hoc|ARM.ActiveCfg = Release|Any CPU
		{291D547A-A741-430C-88DB-9F13C349E5E4}.Ad-Hoc|iPhone.ActiveCfg = Release|Any CPU
		{291D547A-A741-430C-88DB-9F13C349E5E4}.Ad-Hoc|iPhoneSimulator.ActiveCfg = Release|Any CPU
		{291D547A-A741-430C-88DB-9F13C349E5E4}.Ad-Hoc|Mixed Platforms.ActiveCfg = Release|Any CPU
		{291D547A-A741-430C-88DB-9F13C349E5E4}.Ad-Hoc|Mixed Platforms.Build.0 = Release|Any CPU
		{291D547A-A741-430C-88DB-9F13C349E5E4}.Ad-Hoc|Mixed Platforms.Deploy.0 = Release|Any CPU
		{291D547A-A741-430C-88DB-9F13C349E5E4}.Ad-Hoc|x64.ActiveCfg = Release|Any CPU
		{291D547A-A741-430C-88DB-9F13C349E5E4}.Ad-Hoc|x86.ActiveCfg = Release|Any CPU
		{291D547A-A741-430C-88DB-9F13C349E5E4}.AppStore|Any CPU.ActiveCfg = Release|Any CPU
		{291D547A-A741-430C-88DB-9F13C349E5E4}.AppStore|Any CPU.Build.0 = Release|Any CPU
		{291D547A-A741-430C-88DB-9F13C349E5E4}.AppStore|Any CPU.Deploy.0 = Release|Any CPU
		{291D547A-A741-430C-88DB-9F13C349E5E4}.AppStore|ARM.ActiveCfg = Release|Any CPU
		{291D547A-A741-430C-88DB-9F13C349E5E4}.AppStore|iPhone.ActiveCfg = Release|Any CPU
		{291D547A-A741-430C-88DB-9F13C349E5E4}.AppStore|iPhoneSimulator.ActiveCfg = Release|Any CPU
		{291D547A-A741-430C-88DB-9F13C349E5E4}.AppStore|Mixed Platforms.ActiveCfg = Release|Any CPU
		{291D547A-A741-430C-88DB-9F13C349E5E4}.AppStore|Mixed Platforms.Build.0 = Release|Any CPU
		{291D547A-A741-430C-88DB-9F13C349E5E4}.AppStore|Mixed Platforms.Deploy.0 = Release|Any CPU
		{291D547A-A741-430C-88DB-9F13C349E5E4}.AppStore|x64.ActiveCfg = Release|Any CPU
		{291D547A-A741-430C-88DB-9F13C349E5E4}.AppStore|x86.ActiveCfg = Release|Any CPU
		{291D547A-A741-430C-88DB-9F13C349E5E4}.Debug|Any CPU.ActiveCfg = Debug|Any CPU
		{291D547A-A741-430C-88DB-9F13C349E5E4}.Debug|Any CPU.Build.0 = Debug|Any CPU
		{291D547A-A741-430C-88DB-9F13C349E5E4}.Debug|Any CPU.Deploy.0 = Debug|Any CPU
		{291D547A-A741-430C-88DB-9F13C349E5E4}.Debug|ARM.ActiveCfg = Debug|Any CPU
		{291D547A-A741-430C-88DB-9F13C349E5E4}.Debug|iPhone.ActiveCfg = Debug|Any CPU
		{291D547A-A741-430C-88DB-9F13C349E5E4}.Debug|iPhoneSimulator.ActiveCfg = Debug|Any CPU
		{291D547A-A741-430C-88DB-9F13C349E5E4}.Debug|Mixed Platforms.ActiveCfg = Debug|Any CPU
		{291D547A-A741-430C-88DB-9F13C349E5E4}.Debug|Mixed Platforms.Build.0 = Debug|Any CPU
		{291D547A-A741-430C-88DB-9F13C349E5E4}.Debug|Mixed Platforms.Deploy.0 = Debug|Any CPU
		{291D547A-A741-430C-88DB-9F13C349E5E4}.Debug|x64.ActiveCfg = Debug|Any CPU
		{291D547A-A741-430C-88DB-9F13C349E5E4}.Debug|x86.ActiveCfg = Debug|Any CPU
		{291D547A-A741-430C-88DB-9F13C349E5E4}.Release|Any CPU.ActiveCfg = Release|Any CPU
		{291D547A-A741-430C-88DB-9F13C349E5E4}.Release|Any CPU.Build.0 = Release|Any CPU
		{291D547A-A741-430C-88DB-9F13C349E5E4}.Release|Any CPU.Deploy.0 = Release|Any CPU
		{291D547A-A741-430C-88DB-9F13C349E5E4}.Release|ARM.ActiveCfg = Release|Any CPU
		{291D547A-A741-430C-88DB-9F13C349E5E4}.Release|iPhone.ActiveCfg = Release|Any CPU
		{291D547A-A741-430C-88DB-9F13C349E5E4}.Release|iPhoneSimulator.ActiveCfg = Release|Any CPU
		{291D547A-A741-430C-88DB-9F13C349E5E4}.Release|Mixed Platforms.ActiveCfg = Release|Any CPU
		{291D547A-A741-430C-88DB-9F13C349E5E4}.Release|Mixed Platforms.Build.0 = Release|Any CPU
		{291D547A-A741-430C-88DB-9F13C349E5E4}.Release|Mixed Platforms.Deploy.0 = Release|Any CPU
		{291D547A-A741-430C-88DB-9F13C349E5E4}.Release|x64.ActiveCfg = Release|Any CPU
		{291D547A-A741-430C-88DB-9F13C349E5E4}.Release|x86.ActiveCfg = Release|Any CPU
		{61379538-3326-4777-A7E0-5386E8392E6B}.Ad-Hoc|Any CPU.ActiveCfg = Ad-Hoc|iPhone
		{61379538-3326-4777-A7E0-5386E8392E6B}.Ad-Hoc|ARM.ActiveCfg = Ad-Hoc|iPhone
		{61379538-3326-4777-A7E0-5386E8392E6B}.Ad-Hoc|iPhone.ActiveCfg = Ad-Hoc|iPhone
		{61379538-3326-4777-A7E0-5386E8392E6B}.Ad-Hoc|iPhone.Build.0 = Ad-Hoc|iPhone
		{61379538-3326-4777-A7E0-5386E8392E6B}.Ad-Hoc|iPhoneSimulator.ActiveCfg = Ad-Hoc|iPhoneSimulator
		{61379538-3326-4777-A7E0-5386E8392E6B}.Ad-Hoc|iPhoneSimulator.Build.0 = Ad-Hoc|iPhoneSimulator
		{61379538-3326-4777-A7E0-5386E8392E6B}.Ad-Hoc|Mixed Platforms.ActiveCfg = Ad-Hoc|iPhone
		{61379538-3326-4777-A7E0-5386E8392E6B}.Ad-Hoc|Mixed Platforms.Build.0 = Ad-Hoc|iPhone
		{61379538-3326-4777-A7E0-5386E8392E6B}.Ad-Hoc|x64.ActiveCfg = Ad-Hoc|iPhone
		{61379538-3326-4777-A7E0-5386E8392E6B}.Ad-Hoc|x86.ActiveCfg = Ad-Hoc|iPhone
		{61379538-3326-4777-A7E0-5386E8392E6B}.AppStore|Any CPU.ActiveCfg = AppStore|iPhone
		{61379538-3326-4777-A7E0-5386E8392E6B}.AppStore|ARM.ActiveCfg = AppStore|iPhone
		{61379538-3326-4777-A7E0-5386E8392E6B}.AppStore|iPhone.ActiveCfg = AppStore|iPhone
		{61379538-3326-4777-A7E0-5386E8392E6B}.AppStore|iPhone.Build.0 = AppStore|iPhone
		{61379538-3326-4777-A7E0-5386E8392E6B}.AppStore|iPhoneSimulator.ActiveCfg = AppStore|iPhoneSimulator
		{61379538-3326-4777-A7E0-5386E8392E6B}.AppStore|iPhoneSimulator.Build.0 = AppStore|iPhoneSimulator
		{61379538-3326-4777-A7E0-5386E8392E6B}.AppStore|Mixed Platforms.ActiveCfg = AppStore|iPhone
		{61379538-3326-4777-A7E0-5386E8392E6B}.AppStore|Mixed Platforms.Build.0 = AppStore|iPhone
		{61379538-3326-4777-A7E0-5386E8392E6B}.AppStore|x64.ActiveCfg = AppStore|iPhone
		{61379538-3326-4777-A7E0-5386E8392E6B}.AppStore|x86.ActiveCfg = AppStore|iPhone
		{61379538-3326-4777-A7E0-5386E8392E6B}.Debug|Any CPU.ActiveCfg = Debug|iPhone
		{61379538-3326-4777-A7E0-5386E8392E6B}.Debug|ARM.ActiveCfg = Debug|iPhone
		{61379538-3326-4777-A7E0-5386E8392E6B}.Debug|iPhone.ActiveCfg = Debug|iPhone
		{61379538-3326-4777-A7E0-5386E8392E6B}.Debug|iPhone.Build.0 = Debug|iPhone
		{61379538-3326-4777-A7E0-5386E8392E6B}.Debug|iPhoneSimulator.ActiveCfg = Debug|iPhoneSimulator
		{61379538-3326-4777-A7E0-5386E8392E6B}.Debug|iPhoneSimulator.Build.0 = Debug|iPhoneSimulator
		{61379538-3326-4777-A7E0-5386E8392E6B}.Debug|Mixed Platforms.ActiveCfg = Debug|iPhone
		{61379538-3326-4777-A7E0-5386E8392E6B}.Debug|Mixed Platforms.Build.0 = Debug|iPhone
		{61379538-3326-4777-A7E0-5386E8392E6B}.Debug|x64.ActiveCfg = Debug|iPhone
		{61379538-3326-4777-A7E0-5386E8392E6B}.Debug|x86.ActiveCfg = Debug|iPhone
		{61379538-3326-4777-A7E0-5386E8392E6B}.Release|Any CPU.ActiveCfg = Release|iPhone
		{61379538-3326-4777-A7E0-5386E8392E6B}.Release|ARM.ActiveCfg = Release|iPhone
		{61379538-3326-4777-A7E0-5386E8392E6B}.Release|iPhone.ActiveCfg = Release|iPhone
		{61379538-3326-4777-A7E0-5386E8392E6B}.Release|iPhone.Build.0 = Release|iPhone
		{61379538-3326-4777-A7E0-5386E8392E6B}.Release|iPhoneSimulator.ActiveCfg = Release|iPhoneSimulator
		{61379538-3326-4777-A7E0-5386E8392E6B}.Release|iPhoneSimulator.Build.0 = Release|iPhoneSimulator
		{61379538-3326-4777-A7E0-5386E8392E6B}.Release|Mixed Platforms.ActiveCfg = Release|iPhone
		{61379538-3326-4777-A7E0-5386E8392E6B}.Release|Mixed Platforms.Build.0 = Release|iPhone
		{61379538-3326-4777-A7E0-5386E8392E6B}.Release|x64.ActiveCfg = Release|iPhone
		{61379538-3326-4777-A7E0-5386E8392E6B}.Release|x86.ActiveCfg = Release|iPhone
		{93E1A018-5528-4FC1-992C-5AF71AE8FB87}.Ad-Hoc|Any CPU.ActiveCfg = Release|Any CPU
		{93E1A018-5528-4FC1-992C-5AF71AE8FB87}.Ad-Hoc|Any CPU.Build.0 = Release|Any CPU
		{93E1A018-5528-4FC1-992C-5AF71AE8FB87}.Ad-Hoc|Any CPU.Deploy.0 = Release|Any CPU
		{93E1A018-5528-4FC1-992C-5AF71AE8FB87}.Ad-Hoc|ARM.ActiveCfg = Release|ARM
		{93E1A018-5528-4FC1-992C-5AF71AE8FB87}.Ad-Hoc|ARM.Build.0 = Release|ARM
		{93E1A018-5528-4FC1-992C-5AF71AE8FB87}.Ad-Hoc|ARM.Deploy.0 = Release|ARM
		{93E1A018-5528-4FC1-992C-5AF71AE8FB87}.Ad-Hoc|iPhone.ActiveCfg = Release|Any CPU
		{93E1A018-5528-4FC1-992C-5AF71AE8FB87}.Ad-Hoc|iPhoneSimulator.ActiveCfg = Release|Any CPU
		{93E1A018-5528-4FC1-992C-5AF71AE8FB87}.Ad-Hoc|Mixed Platforms.ActiveCfg = Release|x86
		{93E1A018-5528-4FC1-992C-5AF71AE8FB87}.Ad-Hoc|Mixed Platforms.Build.0 = Release|x86
		{93E1A018-5528-4FC1-992C-5AF71AE8FB87}.Ad-Hoc|Mixed Platforms.Deploy.0 = Release|x86
		{93E1A018-5528-4FC1-992C-5AF71AE8FB87}.Ad-Hoc|x64.ActiveCfg = Release|Any CPU
		{93E1A018-5528-4FC1-992C-5AF71AE8FB87}.Ad-Hoc|x86.ActiveCfg = Release|x86
		{93E1A018-5528-4FC1-992C-5AF71AE8FB87}.Ad-Hoc|x86.Build.0 = Release|x86
		{93E1A018-5528-4FC1-992C-5AF71AE8FB87}.Ad-Hoc|x86.Deploy.0 = Release|x86
		{93E1A018-5528-4FC1-992C-5AF71AE8FB87}.AppStore|Any CPU.ActiveCfg = Release|Any CPU
		{93E1A018-5528-4FC1-992C-5AF71AE8FB87}.AppStore|Any CPU.Build.0 = Release|Any CPU
		{93E1A018-5528-4FC1-992C-5AF71AE8FB87}.AppStore|Any CPU.Deploy.0 = Release|Any CPU
		{93E1A018-5528-4FC1-992C-5AF71AE8FB87}.AppStore|ARM.ActiveCfg = Release|ARM
		{93E1A018-5528-4FC1-992C-5AF71AE8FB87}.AppStore|ARM.Build.0 = Release|ARM
		{93E1A018-5528-4FC1-992C-5AF71AE8FB87}.AppStore|ARM.Deploy.0 = Release|ARM
		{93E1A018-5528-4FC1-992C-5AF71AE8FB87}.AppStore|iPhone.ActiveCfg = Release|Any CPU
		{93E1A018-5528-4FC1-992C-5AF71AE8FB87}.AppStore|iPhoneSimulator.ActiveCfg = Release|Any CPU
		{93E1A018-5528-4FC1-992C-5AF71AE8FB87}.AppStore|Mixed Platforms.ActiveCfg = Release|x86
		{93E1A018-5528-4FC1-992C-5AF71AE8FB87}.AppStore|Mixed Platforms.Build.0 = Release|x86
		{93E1A018-5528-4FC1-992C-5AF71AE8FB87}.AppStore|Mixed Platforms.Deploy.0 = Release|x86
		{93E1A018-5528-4FC1-992C-5AF71AE8FB87}.AppStore|x64.ActiveCfg = Release|Any CPU
		{93E1A018-5528-4FC1-992C-5AF71AE8FB87}.AppStore|x86.ActiveCfg = Release|x86
		{93E1A018-5528-4FC1-992C-5AF71AE8FB87}.AppStore|x86.Build.0 = Release|x86
		{93E1A018-5528-4FC1-992C-5AF71AE8FB87}.AppStore|x86.Deploy.0 = Release|x86
		{93E1A018-5528-4FC1-992C-5AF71AE8FB87}.Debug|Any CPU.ActiveCfg = Debug|Any CPU
		{93E1A018-5528-4FC1-992C-5AF71AE8FB87}.Debug|Any CPU.Build.0 = Debug|Any CPU
		{93E1A018-5528-4FC1-992C-5AF71AE8FB87}.Debug|Any CPU.Deploy.0 = Debug|Any CPU
		{93E1A018-5528-4FC1-992C-5AF71AE8FB87}.Debug|ARM.ActiveCfg = Debug|ARM
		{93E1A018-5528-4FC1-992C-5AF71AE8FB87}.Debug|ARM.Build.0 = Debug|ARM
		{93E1A018-5528-4FC1-992C-5AF71AE8FB87}.Debug|ARM.Deploy.0 = Debug|ARM
		{93E1A018-5528-4FC1-992C-5AF71AE8FB87}.Debug|iPhone.ActiveCfg = Debug|Any CPU
		{93E1A018-5528-4FC1-992C-5AF71AE8FB87}.Debug|iPhoneSimulator.ActiveCfg = Debug|Any CPU
		{93E1A018-5528-4FC1-992C-5AF71AE8FB87}.Debug|Mixed Platforms.ActiveCfg = Debug|x86
		{93E1A018-5528-4FC1-992C-5AF71AE8FB87}.Debug|Mixed Platforms.Build.0 = Debug|x86
		{93E1A018-5528-4FC1-992C-5AF71AE8FB87}.Debug|Mixed Platforms.Deploy.0 = Debug|x86
		{93E1A018-5528-4FC1-992C-5AF71AE8FB87}.Debug|x64.ActiveCfg = Debug|Any CPU
		{93E1A018-5528-4FC1-992C-5AF71AE8FB87}.Debug|x86.ActiveCfg = Debug|x86
		{93E1A018-5528-4FC1-992C-5AF71AE8FB87}.Debug|x86.Build.0 = Debug|x86
		{93E1A018-5528-4FC1-992C-5AF71AE8FB87}.Debug|x86.Deploy.0 = Debug|x86
		{93E1A018-5528-4FC1-992C-5AF71AE8FB87}.Release|Any CPU.ActiveCfg = Release|Any CPU
		{93E1A018-5528-4FC1-992C-5AF71AE8FB87}.Release|Any CPU.Build.0 = Release|Any CPU
		{93E1A018-5528-4FC1-992C-5AF71AE8FB87}.Release|Any CPU.Deploy.0 = Release|Any CPU
		{93E1A018-5528-4FC1-992C-5AF71AE8FB87}.Release|ARM.ActiveCfg = Release|ARM
		{93E1A018-5528-4FC1-992C-5AF71AE8FB87}.Release|ARM.Build.0 = Release|ARM
		{93E1A018-5528-4FC1-992C-5AF71AE8FB87}.Release|ARM.Deploy.0 = Release|ARM
		{93E1A018-5528-4FC1-992C-5AF71AE8FB87}.Release|iPhone.ActiveCfg = Release|Any CPU
		{93E1A018-5528-4FC1-992C-5AF71AE8FB87}.Release|iPhoneSimulator.ActiveCfg = Release|Any CPU
		{93E1A018-5528-4FC1-992C-5AF71AE8FB87}.Release|Mixed Platforms.ActiveCfg = Release|x86
		{93E1A018-5528-4FC1-992C-5AF71AE8FB87}.Release|Mixed Platforms.Build.0 = Release|x86
		{93E1A018-5528-4FC1-992C-5AF71AE8FB87}.Release|Mixed Platforms.Deploy.0 = Release|x86
		{93E1A018-5528-4FC1-992C-5AF71AE8FB87}.Release|x64.ActiveCfg = Release|Any CPU
		{93E1A018-5528-4FC1-992C-5AF71AE8FB87}.Release|x86.ActiveCfg = Release|x86
		{93E1A018-5528-4FC1-992C-5AF71AE8FB87}.Release|x86.Build.0 = Release|x86
		{93E1A018-5528-4FC1-992C-5AF71AE8FB87}.Release|x86.Deploy.0 = Release|x86
		{FC68A3DF-547B-4115-82F3-0945F1E99246}.Ad-Hoc|Any CPU.ActiveCfg = Release|Any CPU
		{FC68A3DF-547B-4115-82F3-0945F1E99246}.Ad-Hoc|Any CPU.Build.0 = Release|Any CPU
		{FC68A3DF-547B-4115-82F3-0945F1E99246}.Ad-Hoc|Any CPU.Deploy.0 = Release|Any CPU
		{FC68A3DF-547B-4115-82F3-0945F1E99246}.Ad-Hoc|ARM.ActiveCfg = Release|ARM
		{FC68A3DF-547B-4115-82F3-0945F1E99246}.Ad-Hoc|ARM.Build.0 = Release|ARM
		{FC68A3DF-547B-4115-82F3-0945F1E99246}.Ad-Hoc|ARM.Deploy.0 = Release|ARM
		{FC68A3DF-547B-4115-82F3-0945F1E99246}.Ad-Hoc|iPhone.ActiveCfg = Release|Any CPU
		{FC68A3DF-547B-4115-82F3-0945F1E99246}.Ad-Hoc|iPhoneSimulator.ActiveCfg = Release|Any CPU
		{FC68A3DF-547B-4115-82F3-0945F1E99246}.Ad-Hoc|Mixed Platforms.ActiveCfg = Release|x86
		{FC68A3DF-547B-4115-82F3-0945F1E99246}.Ad-Hoc|Mixed Platforms.Build.0 = Release|x86
		{FC68A3DF-547B-4115-82F3-0945F1E99246}.Ad-Hoc|Mixed Platforms.Deploy.0 = Release|x86
		{FC68A3DF-547B-4115-82F3-0945F1E99246}.Ad-Hoc|x64.ActiveCfg = Release|x64
		{FC68A3DF-547B-4115-82F3-0945F1E99246}.Ad-Hoc|x64.Build.0 = Release|x64
		{FC68A3DF-547B-4115-82F3-0945F1E99246}.Ad-Hoc|x64.Deploy.0 = Release|x64
		{FC68A3DF-547B-4115-82F3-0945F1E99246}.Ad-Hoc|x86.ActiveCfg = Release|x86
		{FC68A3DF-547B-4115-82F3-0945F1E99246}.Ad-Hoc|x86.Build.0 = Release|x86
		{FC68A3DF-547B-4115-82F3-0945F1E99246}.Ad-Hoc|x86.Deploy.0 = Release|x86
		{FC68A3DF-547B-4115-82F3-0945F1E99246}.AppStore|Any CPU.ActiveCfg = Release|Any CPU
		{FC68A3DF-547B-4115-82F3-0945F1E99246}.AppStore|Any CPU.Build.0 = Release|Any CPU
		{FC68A3DF-547B-4115-82F3-0945F1E99246}.AppStore|Any CPU.Deploy.0 = Release|Any CPU
		{FC68A3DF-547B-4115-82F3-0945F1E99246}.AppStore|ARM.ActiveCfg = Release|ARM
		{FC68A3DF-547B-4115-82F3-0945F1E99246}.AppStore|ARM.Build.0 = Release|ARM
		{FC68A3DF-547B-4115-82F3-0945F1E99246}.AppStore|ARM.Deploy.0 = Release|ARM
		{FC68A3DF-547B-4115-82F3-0945F1E99246}.AppStore|iPhone.ActiveCfg = Release|Any CPU
		{FC68A3DF-547B-4115-82F3-0945F1E99246}.AppStore|iPhoneSimulator.ActiveCfg = Release|Any CPU
		{FC68A3DF-547B-4115-82F3-0945F1E99246}.AppStore|Mixed Platforms.ActiveCfg = Release|x86
		{FC68A3DF-547B-4115-82F3-0945F1E99246}.AppStore|Mixed Platforms.Build.0 = Release|x86
		{FC68A3DF-547B-4115-82F3-0945F1E99246}.AppStore|Mixed Platforms.Deploy.0 = Release|x86
		{FC68A3DF-547B-4115-82F3-0945F1E99246}.AppStore|x64.ActiveCfg = Release|x64
		{FC68A3DF-547B-4115-82F3-0945F1E99246}.AppStore|x64.Build.0 = Release|x64
		{FC68A3DF-547B-4115-82F3-0945F1E99246}.AppStore|x64.Deploy.0 = Release|x64
		{FC68A3DF-547B-4115-82F3-0945F1E99246}.AppStore|x86.ActiveCfg = Release|x86
		{FC68A3DF-547B-4115-82F3-0945F1E99246}.AppStore|x86.Build.0 = Release|x86
		{FC68A3DF-547B-4115-82F3-0945F1E99246}.AppStore|x86.Deploy.0 = Release|x86
		{FC68A3DF-547B-4115-82F3-0945F1E99246}.Debug|Any CPU.ActiveCfg = Debug|Any CPU
		{FC68A3DF-547B-4115-82F3-0945F1E99246}.Debug|Any CPU.Build.0 = Debug|Any CPU
		{FC68A3DF-547B-4115-82F3-0945F1E99246}.Debug|Any CPU.Deploy.0 = Debug|Any CPU
		{FC68A3DF-547B-4115-82F3-0945F1E99246}.Debug|ARM.ActiveCfg = Debug|ARM
		{FC68A3DF-547B-4115-82F3-0945F1E99246}.Debug|ARM.Build.0 = Debug|ARM
		{FC68A3DF-547B-4115-82F3-0945F1E99246}.Debug|ARM.Deploy.0 = Debug|ARM
		{FC68A3DF-547B-4115-82F3-0945F1E99246}.Debug|iPhone.ActiveCfg = Debug|Any CPU
		{FC68A3DF-547B-4115-82F3-0945F1E99246}.Debug|iPhoneSimulator.ActiveCfg = Debug|Any CPU
		{FC68A3DF-547B-4115-82F3-0945F1E99246}.Debug|Mixed Platforms.ActiveCfg = Debug|x86
		{FC68A3DF-547B-4115-82F3-0945F1E99246}.Debug|Mixed Platforms.Build.0 = Debug|x86
		{FC68A3DF-547B-4115-82F3-0945F1E99246}.Debug|Mixed Platforms.Deploy.0 = Debug|x86
		{FC68A3DF-547B-4115-82F3-0945F1E99246}.Debug|x64.ActiveCfg = Debug|x64
		{FC68A3DF-547B-4115-82F3-0945F1E99246}.Debug|x64.Build.0 = Debug|x64
		{FC68A3DF-547B-4115-82F3-0945F1E99246}.Debug|x64.Deploy.0 = Debug|x64
		{FC68A3DF-547B-4115-82F3-0945F1E99246}.Debug|x86.ActiveCfg = Debug|x86
		{FC68A3DF-547B-4115-82F3-0945F1E99246}.Debug|x86.Build.0 = Debug|x86
		{FC68A3DF-547B-4115-82F3-0945F1E99246}.Debug|x86.Deploy.0 = Debug|x86
		{FC68A3DF-547B-4115-82F3-0945F1E99246}.Release|Any CPU.ActiveCfg = Release|Any CPU
		{FC68A3DF-547B-4115-82F3-0945F1E99246}.Release|Any CPU.Build.0 = Release|Any CPU
		{FC68A3DF-547B-4115-82F3-0945F1E99246}.Release|Any CPU.Deploy.0 = Release|Any CPU
		{FC68A3DF-547B-4115-82F3-0945F1E99246}.Release|ARM.ActiveCfg = Release|ARM
		{FC68A3DF-547B-4115-82F3-0945F1E99246}.Release|ARM.Build.0 = Release|ARM
		{FC68A3DF-547B-4115-82F3-0945F1E99246}.Release|ARM.Deploy.0 = Release|ARM
		{FC68A3DF-547B-4115-82F3-0945F1E99246}.Release|iPhone.ActiveCfg = Release|Any CPU
		{FC68A3DF-547B-4115-82F3-0945F1E99246}.Release|iPhoneSimulator.ActiveCfg = Release|Any CPU
		{FC68A3DF-547B-4115-82F3-0945F1E99246}.Release|Mixed Platforms.ActiveCfg = Release|x86
		{FC68A3DF-547B-4115-82F3-0945F1E99246}.Release|Mixed Platforms.Build.0 = Release|x86
		{FC68A3DF-547B-4115-82F3-0945F1E99246}.Release|Mixed Platforms.Deploy.0 = Release|x86
		{FC68A3DF-547B-4115-82F3-0945F1E99246}.Release|x64.ActiveCfg = Release|x64
		{FC68A3DF-547B-4115-82F3-0945F1E99246}.Release|x64.Build.0 = Release|x64
		{FC68A3DF-547B-4115-82F3-0945F1E99246}.Release|x64.Deploy.0 = Release|x64
		{FC68A3DF-547B-4115-82F3-0945F1E99246}.Release|x86.ActiveCfg = Release|x86
		{FC68A3DF-547B-4115-82F3-0945F1E99246}.Release|x86.Build.0 = Release|x86
		{FC68A3DF-547B-4115-82F3-0945F1E99246}.Release|x86.Deploy.0 = Release|x86
	EndGlobalSection
	GlobalSection(SolutionProperties) = preSolution
		HideSolutionNode = FALSE
	EndGlobalSection
EndGlobal
